schema: '2.0'
stages:
  prepare:
    cmd: python src/prepare.py data/train.csv data/test.csv
    deps:
    - path: data/test.csv
      md5: 029c9cd22461f6dbe8d9ab01def965c6
      size: 28629
    - path: data/train.csv
      md5: 61fdd54abdbf6a85b778e937122e1194
      size: 61194
    - path: src/prepare.py
      md5: c12935db8c1009ea22b0a3f377de4069
      size: 2639
    params:
      params.yaml:
        prepare.split: 0.2
    outs:
    - path: prepared
      md5: 937c5907c6d6ecc257d66e2e95731149.dir
      size: 35651
      nfiles: 3
  train:
    cmd: python src/train.py prepared/out_train.csv model.pkl
    deps:
    - path: prepared/out_train.csv
      md5: d6f4ba305306afc21948fc27e851156a
      size: 19646
    - path: src/train.py
      md5: 2dea307e7fe31af69f591581efe8c485
      size: 790
    params:
      params.yaml:
        train.depth: 4
        train.split: 2
        train.trees: 50
    outs:
    - path: model.pkl
      md5: f28e2254c1a142ade4386021195693a6
      size: 119914
  evaluate:
    cmd: python src/evaluate.py model.pkl prepared/out_validation.csv prepared/out_test.csv
    deps:
    - path: src/evaluate.py
      md5: 3bbfa3ed06e90bf49aac63b0780b9769
      size: 1218
    outs:
    - path: prc.json
      md5: 45f76ef6094826e78f4ac29c98e7f4ec
      size: 9615
    - path: scores.json
      md5: b91897c5cad5d4291b9ea3b4d89b261a
      size: 27
