schema: '2.0'
stages:
  prepare:
    cmd: python src/prepare.py data/train.csv data/test.csv
    deps:
    - path: data/test.csv
      md5: 029c9cd22461f6dbe8d9ab01def965c6
      size: 28629
    - path: data/train.csv
      md5: 61fdd54abdbf6a85b778e937122e1194
      size: 61194
    - path: src/prepare.py
      md5: c12935db8c1009ea22b0a3f377de4069
      size: 2639
    params:
      params.yaml:
        prepare.split: 0.2
    outs:
    - path: prepared
      md5: 4664e25ff190ead47dc0e3f7b3aff262.dir
      size: 35651
      nfiles: 3
  train:
    cmd: python src/train.py prepared/out_train.csv model.pkl
    deps:
    - path: prepared/out_train.csv
      md5: 39b87b55718f807a77f6a2e143763041
      size: 19642
    - path: src/train.py
      md5: b79a090ea6550d3577434588255ffe45
      size: 578
    params:
      params.yaml:
        train.alpha: 1
    outs:
    - path: model.pkl
      md5: fa8e745b6c60ca9a624c559aeea722ec
      size: 924
  evaluate:
    cmd: python src/evaluate.py model.pkl prepared/out_validation.csv prepared/out_test.csv
    deps:
    - path: src/evaluate.py
      md5: 441e60a8dbf0495969c2fe4db66bfb1c
      size: 1265
    outs:
    - path: prc.json
      md5: 11c4658d2782077f7c00815f8d85e6a0
      size: 16097
    - path: scores.json
      md5: df0b5599cd8ff397cb9d09009be0eea7
      size: 27
